
Microsoft Visual Studio Solution File, Format Version 12.00
# Visual Studio Version 17
VisualStudioVersion = 17.4.33205.214
MinimumVisualStudioVersion = 10.0.40219.1
Project("{2150E333-8FDC-42A3-9474-1A3956D46DE8}") = "src", "src", "{689B9F2C-49AF-4D27-8073-BC073D7C9A5D}"
EndProject
Project("{2150E333-8FDC-42A3-9474-1A3956D46DE8}") = "Presentation", "Presentation", "{190B4636-F0E4-4BF1-AD48-BEDC72E7EE7F}"
EndProject
Project("{2150E333-8FDC-42A3-9474-1A3956D46DE8}") = "Core", "Core", "{826DDC9A-A83D-4463-9DD9-DBDBC65A3C5F}"
EndProject
Project("{2150E333-8FDC-42A3-9474-1A3956D46DE8}") = "Infrastructure", "Infrastructure", "{AA32FAA7-C4AD-4D9C-B3CB-1961F966DD28}"
EndProject
Project("{9A19103F-16F7-4668-BE54-9A1E7A4F7556}") = "TodoApp.API", "src\Presentation\TodoApp.API\TodoApp.API.csproj", "{F8E337DE-4654-438A-B339-2DFFDD044612}"
EndProject
Project("{FAE04EC0-301F-11D3-BF4B-00C04F79EFBC}") = "TodoApp.Infrastructure", "src\Infrastructure\TodoApp.Infrastructure\TodoApp.Infrastructure.csproj", "{9DC81EB9-E5FF-4B7C-ADF6-702A540252D0}"
EndProject
Project("{FAE04EC0-301F-11D3-BF4B-00C04F79EFBC}") = "TodoApp.Persistance", "src\Infrastructure\TodoApp.Persistance\TodoApp.Persistance.csproj", "{4F1C0FB3-73C0-4ACE-8C0B-977D061BD2DE}"
EndProject
Project("{FAE04EC0-301F-11D3-BF4B-00C04F79EFBC}") = "TodoApp.Domain", "src\Core\TodoApp.Domain\TodoApp.Domain.csproj", "{035B671D-8AD7-4B9F-9827-766E919FBE94}"
EndProject
Project("{FAE04EC0-301F-11D3-BF4B-00C04F79EFBC}") = "TodoApp.Application", "src\Core\TodoApp.Application\TodoApp.Application.csproj", "{BF695EF8-7786-48B4-964B-35C8A106D16B}"
EndProject
Global
	GlobalSection(SolutionConfigurationPlatforms) = preSolution
		Debug|Any CPU = Debug|Any CPU
		Release|Any CPU = Release|Any CPU
	EndGlobalSection
	GlobalSection(ProjectConfigurationPlatforms) = postSolution
		{F8E337DE-4654-438A-B339-2DFFDD044612}.Debug|Any CPU.ActiveCfg = Debug|Any CPU
		{F8E337DE-4654-438A-B339-2DFFDD044612}.Debug|Any CPU.Build.0 = Debug|Any CPU
		{F8E337DE-4654-438A-B339-2DFFDD044612}.Release|Any CPU.ActiveCfg = Release|Any CPU
		{F8E337DE-4654-438A-B339-2DFFDD044612}.Release|Any CPU.Build.0 = Release|Any CPU
		{9DC81EB9-E5FF-4B7C-ADF6-702A540252D0}.Debug|Any CPU.ActiveCfg = Debug|Any CPU
		{9DC81EB9-E5FF-4B7C-ADF6-702A540252D0}.Debug|Any CPU.Build.0 = Debug|Any CPU
		{9DC81EB9-E5FF-4B7C-ADF6-702A540252D0}.Release|Any CPU.ActiveCfg = Release|Any CPU
		{9DC81EB9-E5FF-4B7C-ADF6-702A540252D0}.Release|Any CPU.Build.0 = Release|Any CPU
		{4F1C0FB3-73C0-4ACE-8C0B-977D061BD2DE}.Debug|Any CPU.ActiveCfg = Debug|Any CPU
		{4F1C0FB3-73C0-4ACE-8C0B-977D061BD2DE}.Debug|Any CPU.Build.0 = Debug|Any CPU
		{4F1C0FB3-73C0-4ACE-8C0B-977D061BD2DE}.Release|Any CPU.ActiveCfg = Release|Any CPU
		{4F1C0FB3-73C0-4ACE-8C0B-977D061BD2DE}.Release|Any CPU.Build.0 = Release|Any CPU
		{035B671D-8AD7-4B9F-9827-766E919FBE94}.Debug|Any CPU.ActiveCfg = Debug|Any CPU
		{035B671D-8AD7-4B9F-9827-766E919FBE94}.Debug|Any CPU.Build.0 = Debug|Any CPU
		{035B671D-8AD7-4B9F-9827-766E919FBE94}.Release|Any CPU.ActiveCfg = Release|Any CPU
		{035B671D-8AD7-4B9F-9827-766E919FBE94}.Release|Any CPU.Build.0 = Release|Any CPU
		{BF695EF8-7786-48B4-964B-35C8A106D16B}.Debug|Any CPU.ActiveCfg = Debug|Any CPU
		{BF695EF8-7786-48B4-964B-35C8A106D16B}.Debug|Any CPU.Build.0 = Debug|Any CPU
		{BF695EF8-7786-48B4-964B-35C8A106D16B}.Release|Any CPU.ActiveCfg = Release|Any CPU
		{BF695EF8-7786-48B4-964B-35C8A106D16B}.Release|Any CPU.Build.0 = Release|Any CPU
	EndGlobalSection
	GlobalSection(SolutionProperties) = preSolution
		HideSolutionNode = FALSE
	EndGlobalSection
	GlobalSection(NestedProjects) = preSolution
		{190B4636-F0E4-4BF1-AD48-BEDC72E7EE7F} = {689B9F2C-49AF-4D27-8073-BC073D7C9A5D}
		{826DDC9A-A83D-4463-9DD9-DBDBC65A3C5F} = {689B9F2C-49AF-4D27-8073-BC073D7C9A5D}
		{AA32FAA7-C4AD-4D9C-B3CB-1961F966DD28} = {689B9F2C-49AF-4D27-8073-BC073D7C9A5D}
		{F8E337DE-4654-438A-B339-2DFFDD044612} = {190B4636-F0E4-4BF1-AD48-BEDC72E7EE7F}
		{9DC81EB9-E5FF-4B7C-ADF6-702A540252D0} = {AA32FAA7-C4AD-4D9C-B3CB-1961F966DD28}
		{4F1C0FB3-73C0-4ACE-8C0B-977D061BD2DE} = {AA32FAA7-C4AD-4D9C-B3CB-1961F966DD28}
		{035B671D-8AD7-4B9F-9827-766E919FBE94} = {826DDC9A-A83D-4463-9DD9-DBDBC65A3C5F}
		{BF695EF8-7786-48B4-964B-35C8A106D16B} = {826DDC9A-A83D-4463-9DD9-DBDBC65A3C5F}
	EndGlobalSection
	GlobalSection(ExtensibilityGlobals) = postSolution
		SolutionGuid = {EEC10BB3-06E9-472F-8301-397072FF2423}
	EndGlobalSection
EndGlobal
