
Microsoft Visual Studio Solution File, Format Version 12.00
# Visual Studio Version 17
VisualStudioVersion = 17.4.33205.214
MinimumVisualStudioVersion = 10.0.40219.1
Project("{2150E333-8FDC-42A3-9474-1A3956D46DE8}") = "src", "src", "{689B9F2C-49AF-4D27-8073-BC073D7C9A5D}"
EndProject
Project("{2150E333-8FDC-42A3-9474-1A3956D46DE8}") = "Presentation", "Presentation", "{190B4636-F0E4-4BF1-AD48-BEDC72E7EE7F}"
EndProject
Project("{2150E333-8FDC-42A3-9474-1A3956D46DE8}") = "Core", "Core", "{826DDC9A-A83D-4463-9DD9-DBDBC65A3C5F}"
EndProject
Project("{2150E333-8FDC-42A3-9474-1A3956D46DE8}") = "Infrastructure", "Infrastructure", "{AA32FAA7-C4AD-4D9C-B3CB-1961F966DD28}"
EndProject
Project("{FAE04EC0-301F-11D3-BF4B-00C04F79EFBC}") = "TodoApp.Domain", "src\Core\TodoApp.Domain\TodoApp.Domain.csproj", "{5DB5B5F7-9E85-4307-A522-D4DC687F9B6B}"
EndProject
Project("{FAE04EC0-301F-11D3-BF4B-00C04F79EFBC}") = "TodoApp.Application", "src\Core\TodoApp.Application\TodoApp.Application.csproj", "{45F6D64F-4C14-4114-8235-78A030FC9397}"
EndProject
Project("{FAE04EC0-301F-11D3-BF4B-00C04F79EFBC}") = "TodoApp.Persistance", "src\Infrastructure\TodoApp.Persistance\TodoApp.Persistance.csproj", "{E12E99E0-E7BC-4758-85B7-56CCCF3902E9}"
EndProject
Project("{FAE04EC0-301F-11D3-BF4B-00C04F79EFBC}") = "TodoApp.Infrastructure", "src\Infrastructure\TodoApp.Infrastructure\TodoApp.Infrastructure.csproj", "{25139EC1-07FB-4D26-B4F3-A8F4D8ECDF3A}"
EndProject
Project("{FAE04EC0-301F-11D3-BF4B-00C04F79EFBC}") = "TodoApp.API", "src\Presentation\TodoApp.API\TodoApp.API.csproj", "{F8E337DE-4654-438A-B339-2DFFDD044612}"
EndProject
Global
	GlobalSection(SolutionConfigurationPlatforms) = preSolution
		Debug|Any CPU = Debug|Any CPU
		Release|Any CPU = Release|Any CPU
	EndGlobalSection
	GlobalSection(ProjectConfigurationPlatforms) = postSolution
		{5DB5B5F7-9E85-4307-A522-D4DC687F9B6B}.Debug|Any CPU.ActiveCfg = Debug|Any CPU
		{5DB5B5F7-9E85-4307-A522-D4DC687F9B6B}.Debug|Any CPU.Build.0 = Debug|Any CPU
		{5DB5B5F7-9E85-4307-A522-D4DC687F9B6B}.Release|Any CPU.ActiveCfg = Release|Any CPU
		{5DB5B5F7-9E85-4307-A522-D4DC687F9B6B}.Release|Any CPU.Build.0 = Release|Any CPU
		{45F6D64F-4C14-4114-8235-78A030FC9397}.Debug|Any CPU.ActiveCfg = Debug|Any CPU
		{45F6D64F-4C14-4114-8235-78A030FC9397}.Debug|Any CPU.Build.0 = Debug|Any CPU
		{45F6D64F-4C14-4114-8235-78A030FC9397}.Release|Any CPU.ActiveCfg = Release|Any CPU
		{45F6D64F-4C14-4114-8235-78A030FC9397}.Release|Any CPU.Build.0 = Release|Any CPU
		{E12E99E0-E7BC-4758-85B7-56CCCF3902E9}.Debug|Any CPU.ActiveCfg = Debug|Any CPU
		{E12E99E0-E7BC-4758-85B7-56CCCF3902E9}.Debug|Any CPU.Build.0 = Debug|Any CPU
		{E12E99E0-E7BC-4758-85B7-56CCCF3902E9}.Release|Any CPU.ActiveCfg = Release|Any CPU
		{E12E99E0-E7BC-4758-85B7-56CCCF3902E9}.Release|Any CPU.Build.0 = Release|Any CPU
		{25139EC1-07FB-4D26-B4F3-A8F4D8ECDF3A}.Debug|Any CPU.ActiveCfg = Debug|Any CPU
		{25139EC1-07FB-4D26-B4F3-A8F4D8ECDF3A}.Debug|Any CPU.Build.0 = Debug|Any CPU
		{25139EC1-07FB-4D26-B4F3-A8F4D8ECDF3A}.Release|Any CPU.ActiveCfg = Release|Any CPU
		{25139EC1-07FB-4D26-B4F3-A8F4D8ECDF3A}.Release|Any CPU.Build.0 = Release|Any CPU
		{F8E337DE-4654-438A-B339-2DFFDD044612}.Debug|Any CPU.ActiveCfg = Debug|Any CPU
		{F8E337DE-4654-438A-B339-2DFFDD044612}.Debug|Any CPU.Build.0 = Debug|Any CPU
		{F8E337DE-4654-438A-B339-2DFFDD044612}.Release|Any CPU.ActiveCfg = Release|Any CPU
		{F8E337DE-4654-438A-B339-2DFFDD044612}.Release|Any CPU.Build.0 = Release|Any CPU
	EndGlobalSection
	GlobalSection(SolutionProperties) = preSolution
		HideSolutionNode = FALSE
	EndGlobalSection
	GlobalSection(NestedProjects) = preSolution
		{190B4636-F0E4-4BF1-AD48-BEDC72E7EE7F} = {689B9F2C-49AF-4D27-8073-BC073D7C9A5D}
		{826DDC9A-A83D-4463-9DD9-DBDBC65A3C5F} = {689B9F2C-49AF-4D27-8073-BC073D7C9A5D}
		{AA32FAA7-C4AD-4D9C-B3CB-1961F966DD28} = {689B9F2C-49AF-4D27-8073-BC073D7C9A5D}
		{5DB5B5F7-9E85-4307-A522-D4DC687F9B6B} = {826DDC9A-A83D-4463-9DD9-DBDBC65A3C5F}
		{45F6D64F-4C14-4114-8235-78A030FC9397} = {826DDC9A-A83D-4463-9DD9-DBDBC65A3C5F}
		{E12E99E0-E7BC-4758-85B7-56CCCF3902E9} = {AA32FAA7-C4AD-4D9C-B3CB-1961F966DD28}
		{25139EC1-07FB-4D26-B4F3-A8F4D8ECDF3A} = {AA32FAA7-C4AD-4D9C-B3CB-1961F966DD28}
		{F8E337DE-4654-438A-B339-2DFFDD044612} = {190B4636-F0E4-4BF1-AD48-BEDC72E7EE7F}
	EndGlobalSection
	GlobalSection(ExtensibilityGlobals) = postSolution
		SolutionGuid = {EEC10BB3-06E9-472F-8301-397072FF2423}
	EndGlobalSection
EndGlobal
